
Microsoft Visual Studio Solution File, Format Version 12.00
# Visual Studio Version 16
VisualStudioVersion = 16.0.29613.14
MinimumVisualStudioVersion = 10.0.40219.1
Project("{FAE04EC0-301F-11D3-BF4B-00C04F79EFBC}") = "AssemblyLevel", "AssemblyLevel\AssemblyLevel.csproj", "{4AB1EBEA-A67D-4220-8821-71ECCF1BB320}"
EndProject
Global
	GlobalSection(SolutionConfigurationPlatforms) = preSolution
		Debug|Any CPU = Debug|Any CPU
		Release|Any CPU = Release|Any CPU
	EndGlobalSection
	GlobalSection(ProjectConfigurationPlatforms) = postSolution
		{4AB1EBEA-A67D-4220-8821-71ECCF1BB320}.Debug|Any CPU.ActiveCfg = Debug|Any CPU
		{4AB1EBEA-A67D-4220-8821-71ECCF1BB320}.Debug|Any CPU.Build.0 = Debug|Any CPU
		{4AB1EBEA-A67D-4220-8821-71ECCF1BB320}.Release|Any CPU.ActiveCfg = Release|Any CPU
		{4AB1EBEA-A67D-4220-8821-71ECCF1BB320}.Release|Any CPU.Build.0 = Release|Any CPU
	EndGlobalSection
	GlobalSection(SolutionProperties) = preSolution
		HideSolutionNode = FALSE
	EndGlobalSection
	GlobalSection(ExtensibilityGlobals) = postSolution
		SolutionGuid = {A92B3175-29C7-4B36-8821-81FBE3A8B2A9}
	EndGlobalSection
EndGlobal
